
Microsoft Visual Studio Solution File, Format Version 12.00
# Visual Studio Version 16
VisualStudioVersion = 16.0.31624.102
MinimumVisualStudioVersion = 10.0.40219.1
Project("{FAE04EC0-301F-11D3-BF4B-00C04F79EFBC}") = "QuanLiNhanSuVaTienLuong", "QuanLiNhanSuVaTienLuong\QuanLiNhanSuVaTienLuong.csproj", "{24C47668-781B-4310-85CA-B0024D4AFF9F}"
EndProject
Global
	GlobalSection(SolutionConfigurationPlatforms) = preSolution
		Debug|Any CPU = Debug|Any CPU
		Release|Any CPU = Release|Any CPU
	EndGlobalSection
	GlobalSection(ProjectConfigurationPlatforms) = postSolution
		{24C47668-781B-4310-85CA-B0024D4AFF9F}.Debug|Any CPU.ActiveCfg = Debug|Any CPU
		{24C47668-781B-4310-85CA-B0024D4AFF9F}.Debug|Any CPU.Build.0 = Debug|Any CPU
		{24C47668-781B-4310-85CA-B0024D4AFF9F}.Release|Any CPU.ActiveCfg = Release|Any CPU
		{24C47668-781B-4310-85CA-B0024D4AFF9F}.Release|Any CPU.Build.0 = Release|Any CPU
	EndGlobalSection
	GlobalSection(SolutionProperties) = preSolution
		HideSolutionNode = FALSE
	EndGlobalSection
	GlobalSection(ExtensibilityGlobals) = postSolution
		SolutionGuid = {F9B1DD1F-C445-4227-8DD1-E22F00EC78E0}
	EndGlobalSection
EndGlobal
